
Microsoft Visual Studio Solution File, Format Version 12.00
# Visual Studio Version 17
VisualStudioVersion = 17.1.32210.238
MinimumVisualStudioVersion = 10.0.40219.1
Project("{FAE04EC0-301F-11D3-BF4B-00C04F79EFBC}") = "1. Advertisement Message", "1. Advertisement Message\1. Advertisement Message.csproj", "{3841AD94-3AD0-4313-A169-4EE36B428F5F}"
EndProject
Project("{FAE04EC0-301F-11D3-BF4B-00C04F79EFBC}") = "2. Articles", "2. Articles\2. Articles.csproj", "{F466A81C-5D36-4BC2-A144-F225942B3D20}"
EndProject
Project("{FAE04EC0-301F-11D3-BF4B-00C04F79EFBC}") = "3. Articles 2.0", "3. Articles 2.0\3. Articles 2.0.csproj", "{997C8852-6474-4B47-A04D-C6F270C8A375}"
EndProject
Project("{FAE04EC0-301F-11D3-BF4B-00C04F79EFBC}") = "4. Students", "4. Students\4. Students.csproj", "{7A7B9EA4-F784-4751-99E3-66EEC17F7096}"
EndProject
Project("{FAE04EC0-301F-11D3-BF4B-00C04F79EFBC}") = "5. Teamwork Projects", "5. Teamwork Projects\5. Teamwork Projects.csproj", "{1912AECD-296C-4AF2-944D-F766F4F5EEB0}"
EndProject
Project("{FAE04EC0-301F-11D3-BF4B-00C04F79EFBC}") = "6. Vehicle Catalogue", "6. Vehicle Catalogue\6. Vehicle Catalogue.csproj", "{04BFECA8-2002-4E28-BE81-A17DF02892A7}"
EndProject
Project("{FAE04EC0-301F-11D3-BF4B-00C04F79EFBC}") = "7. Order by Age", "7. Order by Age\7. Order by Age.csproj", "{C58CB9F4-3D38-44E3-8C7F-438B79DAE96B}"
EndProject
Global
	GlobalSection(SolutionConfigurationPlatforms) = preSolution
		Debug|Any CPU = Debug|Any CPU
		Release|Any CPU = Release|Any CPU
	EndGlobalSection
	GlobalSection(ProjectConfigurationPlatforms) = postSolution
		{3841AD94-3AD0-4313-A169-4EE36B428F5F}.Debug|Any CPU.ActiveCfg = Debug|Any CPU
		{3841AD94-3AD0-4313-A169-4EE36B428F5F}.Debug|Any CPU.Build.0 = Debug|Any CPU
		{3841AD94-3AD0-4313-A169-4EE36B428F5F}.Release|Any CPU.ActiveCfg = Release|Any CPU
		{3841AD94-3AD0-4313-A169-4EE36B428F5F}.Release|Any CPU.Build.0 = Release|Any CPU
		{F466A81C-5D36-4BC2-A144-F225942B3D20}.Debug|Any CPU.ActiveCfg = Debug|Any CPU
		{F466A81C-5D36-4BC2-A144-F225942B3D20}.Debug|Any CPU.Build.0 = Debug|Any CPU
		{F466A81C-5D36-4BC2-A144-F225942B3D20}.Release|Any CPU.ActiveCfg = Release|Any CPU
		{F466A81C-5D36-4BC2-A144-F225942B3D20}.Release|Any CPU.Build.0 = Release|Any CPU
		{997C8852-6474-4B47-A04D-C6F270C8A375}.Debug|Any CPU.ActiveCfg = Debug|Any CPU
		{997C8852-6474-4B47-A04D-C6F270C8A375}.Debug|Any CPU.Build.0 = Debug|Any CPU
		{997C8852-6474-4B47-A04D-C6F270C8A375}.Release|Any CPU.ActiveCfg = Release|Any CPU
		{997C8852-6474-4B47-A04D-C6F270C8A375}.Release|Any CPU.Build.0 = Release|Any CPU
		{7A7B9EA4-F784-4751-99E3-66EEC17F7096}.Debug|Any CPU.ActiveCfg = Debug|Any CPU
		{7A7B9EA4-F784-4751-99E3-66EEC17F7096}.Debug|Any CPU.Build.0 = Debug|Any CPU
		{7A7B9EA4-F784-4751-99E3-66EEC17F7096}.Release|Any CPU.ActiveCfg = Release|Any CPU
		{7A7B9EA4-F784-4751-99E3-66EEC17F7096}.Release|Any CPU.Build.0 = Release|Any CPU
		{1912AECD-296C-4AF2-944D-F766F4F5EEB0}.Debug|Any CPU.ActiveCfg = Debug|Any CPU
		{1912AECD-296C-4AF2-944D-F766F4F5EEB0}.Debug|Any CPU.Build.0 = Debug|Any CPU
		{1912AECD-296C-4AF2-944D-F766F4F5EEB0}.Release|Any CPU.ActiveCfg = Release|Any CPU
		{1912AECD-296C-4AF2-944D-F766F4F5EEB0}.Release|Any CPU.Build.0 = Release|Any CPU
		{04BFECA8-2002-4E28-BE81-A17DF02892A7}.Debug|Any CPU.ActiveCfg = Debug|Any CPU
		{04BFECA8-2002-4E28-BE81-A17DF02892A7}.Debug|Any CPU.Build.0 = Debug|Any CPU
		{04BFECA8-2002-4E28-BE81-A17DF02892A7}.Release|Any CPU.ActiveCfg = Release|Any CPU
		{04BFECA8-2002-4E28-BE81-A17DF02892A7}.Release|Any CPU.Build.0 = Release|Any CPU
		{C58CB9F4-3D38-44E3-8C7F-438B79DAE96B}.Debug|Any CPU.ActiveCfg = Debug|Any CPU
		{C58CB9F4-3D38-44E3-8C7F-438B79DAE96B}.Debug|Any CPU.Build.0 = Debug|Any CPU
		{C58CB9F4-3D38-44E3-8C7F-438B79DAE96B}.Release|Any CPU.ActiveCfg = Release|Any CPU
		{C58CB9F4-3D38-44E3-8C7F-438B79DAE96B}.Release|Any CPU.Build.0 = Release|Any CPU
	EndGlobalSection
	GlobalSection(SolutionProperties) = preSolution
		HideSolutionNode = FALSE
	EndGlobalSection
	GlobalSection(ExtensibilityGlobals) = postSolution
		SolutionGuid = {C92DF525-E0AB-4D4A-8901-FB13AA6CBCF6}
	EndGlobalSection
EndGlobal
