
Microsoft Visual Studio Solution File, Format Version 12.00
# Visual Studio Version 17
VisualStudioVersion = 17.1.32319.34
MinimumVisualStudioVersion = 10.0.40219.1
Project("{9A19103F-16F7-4668-BE54-9A1E7A4F7556}") = "1. Multidimensional Arrays", "Multidimensional Arrays\1. Multidimensional Arrays.csproj", "{F9487C17-704C-4478-84C0-ADF3C127279E}"
EndProject
Project("{9A19103F-16F7-4668-BE54-9A1E7A4F7556}") = "2.  2X2 Squares in Matrix", "2.  2X2 Squares in Matrix\2.  2X2 Squares in Matrix.csproj", "{CD17E491-5350-46E2-A11A-64CA44BBBC1D}"
EndProject
Project("{9A19103F-16F7-4668-BE54-9A1E7A4F7556}") = "3. Maximal Sum", "3. Maximal Sum\3. Maximal Sum.csproj", "{02C3884B-8FAA-4A99-B764-8C2BD6940AE0}"
EndProject
Project("{FAE04EC0-301F-11D3-BF4B-00C04F79EFBC}") = "4. Matrix Shuffling", "4. Matrix Shuffling\4. Matrix Shuffling.csproj", "{EB00175E-848B-4BBB-B83A-2361CD83E9A2}"
EndProject
Project("{FAE04EC0-301F-11D3-BF4B-00C04F79EFBC}") = "5. Snake Moves", "5. Snake Moves\5. Snake Moves.csproj", "{28B5B387-71E9-4A90-A239-84F29D26BA1B}"
EndProject
Project("{FAE04EC0-301F-11D3-BF4B-00C04F79EFBC}") = "6. Jagged Array Manipulator", "6. Jagged Array Manipulator\6. Jagged Array Manipulator.csproj", "{FF003AFC-433B-4436-93E4-CD6292827E50}"
EndProject
Project("{FAE04EC0-301F-11D3-BF4B-00C04F79EFBC}") = "7. Knight Game", "7. Knight Game\7. Knight Game.csproj", "{4C67228E-871B-4B78-9B96-34F5BC3FB601}"
EndProject
Global
	GlobalSection(SolutionConfigurationPlatforms) = preSolution
		Debug|Any CPU = Debug|Any CPU
		Release|Any CPU = Release|Any CPU
	EndGlobalSection
	GlobalSection(ProjectConfigurationPlatforms) = postSolution
		{F9487C17-704C-4478-84C0-ADF3C127279E}.Debug|Any CPU.ActiveCfg = Debug|Any CPU
		{F9487C17-704C-4478-84C0-ADF3C127279E}.Debug|Any CPU.Build.0 = Debug|Any CPU
		{F9487C17-704C-4478-84C0-ADF3C127279E}.Release|Any CPU.ActiveCfg = Release|Any CPU
		{F9487C17-704C-4478-84C0-ADF3C127279E}.Release|Any CPU.Build.0 = Release|Any CPU
		{CD17E491-5350-46E2-A11A-64CA44BBBC1D}.Debug|Any CPU.ActiveCfg = Debug|Any CPU
		{CD17E491-5350-46E2-A11A-64CA44BBBC1D}.Debug|Any CPU.Build.0 = Debug|Any CPU
		{CD17E491-5350-46E2-A11A-64CA44BBBC1D}.Release|Any CPU.ActiveCfg = Release|Any CPU
		{CD17E491-5350-46E2-A11A-64CA44BBBC1D}.Release|Any CPU.Build.0 = Release|Any CPU
		{02C3884B-8FAA-4A99-B764-8C2BD6940AE0}.Debug|Any CPU.ActiveCfg = Debug|Any CPU
		{02C3884B-8FAA-4A99-B764-8C2BD6940AE0}.Debug|Any CPU.Build.0 = Debug|Any CPU
		{02C3884B-8FAA-4A99-B764-8C2BD6940AE0}.Release|Any CPU.ActiveCfg = Release|Any CPU
		{02C3884B-8FAA-4A99-B764-8C2BD6940AE0}.Release|Any CPU.Build.0 = Release|Any CPU
		{EB00175E-848B-4BBB-B83A-2361CD83E9A2}.Debug|Any CPU.ActiveCfg = Debug|Any CPU
		{EB00175E-848B-4BBB-B83A-2361CD83E9A2}.Debug|Any CPU.Build.0 = Debug|Any CPU
		{EB00175E-848B-4BBB-B83A-2361CD83E9A2}.Release|Any CPU.ActiveCfg = Release|Any CPU
		{EB00175E-848B-4BBB-B83A-2361CD83E9A2}.Release|Any CPU.Build.0 = Release|Any CPU
		{28B5B387-71E9-4A90-A239-84F29D26BA1B}.Debug|Any CPU.ActiveCfg = Debug|Any CPU
		{28B5B387-71E9-4A90-A239-84F29D26BA1B}.Debug|Any CPU.Build.0 = Debug|Any CPU
		{28B5B387-71E9-4A90-A239-84F29D26BA1B}.Release|Any CPU.ActiveCfg = Release|Any CPU
		{28B5B387-71E9-4A90-A239-84F29D26BA1B}.Release|Any CPU.Build.0 = Release|Any CPU
		{FF003AFC-433B-4436-93E4-CD6292827E50}.Debug|Any CPU.ActiveCfg = Debug|Any CPU
		{FF003AFC-433B-4436-93E4-CD6292827E50}.Debug|Any CPU.Build.0 = Debug|Any CPU
		{FF003AFC-433B-4436-93E4-CD6292827E50}.Release|Any CPU.ActiveCfg = Release|Any CPU
		{FF003AFC-433B-4436-93E4-CD6292827E50}.Release|Any CPU.Build.0 = Release|Any CPU
		{4C67228E-871B-4B78-9B96-34F5BC3FB601}.Debug|Any CPU.ActiveCfg = Debug|Any CPU
		{4C67228E-871B-4B78-9B96-34F5BC3FB601}.Debug|Any CPU.Build.0 = Debug|Any CPU
		{4C67228E-871B-4B78-9B96-34F5BC3FB601}.Release|Any CPU.ActiveCfg = Release|Any CPU
		{4C67228E-871B-4B78-9B96-34F5BC3FB601}.Release|Any CPU.Build.0 = Release|Any CPU
	EndGlobalSection
	GlobalSection(SolutionProperties) = preSolution
		HideSolutionNode = FALSE
	EndGlobalSection
	GlobalSection(ExtensibilityGlobals) = postSolution
		SolutionGuid = {57CA7CC3-1B00-403B-97F1-D9F57A578088}
	EndGlobalSection
EndGlobal
