
Microsoft Visual Studio Solution File, Format Version 12.00
# Visual Studio Version 17
VisualStudioVersion = 17.1.32319.34
MinimumVisualStudioVersion = 10.0.40219.1
Project("{9A19103F-16F7-4668-BE54-9A1E7A4F7556}") = "1. Bakery Shop", "1. Bakery Shop\1. Bakery Shop.csproj", "{2E322DDA-06C3-46C4-9BB4-0AE4D025A024}"
EndProject
Project("{FAE04EC0-301F-11D3-BF4B-00C04F79EFBC}") = "3. FishNet", "3. FishNet\3. FishNet.csproj", "{DDEB2420-C15F-4607-A3F3-780C36798A56}"
EndProject
Project("{FAE04EC0-301F-11D3-BF4B-00C04F79EFBC}") = "2. Beaver at Work", "02. Beaver at Work\2. Beaver at Work.csproj", "{CC7A9473-681C-46F9-A049-B274B028AD93}"
EndProject
Global
	GlobalSection(SolutionConfigurationPlatforms) = preSolution
		Debug|Any CPU = Debug|Any CPU
		Release|Any CPU = Release|Any CPU
	EndGlobalSection
	GlobalSection(ProjectConfigurationPlatforms) = postSolution
		{2E322DDA-06C3-46C4-9BB4-0AE4D025A024}.Debug|Any CPU.ActiveCfg = Debug|Any CPU
		{2E322DDA-06C3-46C4-9BB4-0AE4D025A024}.Debug|Any CPU.Build.0 = Debug|Any CPU
		{2E322DDA-06C3-46C4-9BB4-0AE4D025A024}.Release|Any CPU.ActiveCfg = Release|Any CPU
		{2E322DDA-06C3-46C4-9BB4-0AE4D025A024}.Release|Any CPU.Build.0 = Release|Any CPU
		{DDEB2420-C15F-4607-A3F3-780C36798A56}.Debug|Any CPU.ActiveCfg = Debug|Any CPU
		{DDEB2420-C15F-4607-A3F3-780C36798A56}.Debug|Any CPU.Build.0 = Debug|Any CPU
		{DDEB2420-C15F-4607-A3F3-780C36798A56}.Release|Any CPU.ActiveCfg = Release|Any CPU
		{DDEB2420-C15F-4607-A3F3-780C36798A56}.Release|Any CPU.Build.0 = Release|Any CPU
		{CC7A9473-681C-46F9-A049-B274B028AD93}.Debug|Any CPU.ActiveCfg = Debug|Any CPU
		{CC7A9473-681C-46F9-A049-B274B028AD93}.Debug|Any CPU.Build.0 = Debug|Any CPU
		{CC7A9473-681C-46F9-A049-B274B028AD93}.Release|Any CPU.ActiveCfg = Release|Any CPU
		{CC7A9473-681C-46F9-A049-B274B028AD93}.Release|Any CPU.Build.0 = Release|Any CPU
	EndGlobalSection
	GlobalSection(SolutionProperties) = preSolution
		HideSolutionNode = FALSE
	EndGlobalSection
	GlobalSection(ExtensibilityGlobals) = postSolution
		SolutionGuid = {2864A651-321A-482C-81D1-08DC0533B838}
	EndGlobalSection
EndGlobal
