
Microsoft Visual Studio Solution File, Format Version 12.00
# Visual Studio Version 17
VisualStudioVersion = 17.0.32112.339
MinimumVisualStudioVersion = 10.0.40219.1
Project("{9A19103F-16F7-4668-BE54-9A1E7A4F7556}") = "1. Train", "1. Add and Subtract\1. Train.csproj", "{10085FEE-D3F7-427C-96AE-CBA0EB81D11B}"
EndProject
Project("{9A19103F-16F7-4668-BE54-9A1E7A4F7556}") = "2. Common Elements", "2. Common Elements\2. Common Elements.csproj", "{17C04FF8-D74A-4037-BE70-FFF53E010672}"
EndProject
Project("{9A19103F-16F7-4668-BE54-9A1E7A4F7556}") = "3. Zig-Zag Arrays", "3. Zig-Zag Arrays\3. Zig-Zag Arrays.csproj", "{8CC127BC-B92A-4607-A590-71A7C18FB647}"
EndProject
Project("{9A19103F-16F7-4668-BE54-9A1E7A4F7556}") = "4. Array Rotation", "4. Array Rotation\4. Array Rotation.csproj", "{D1CE5EA8-A826-42E5-A34A-34CC2CD892A1}"
EndProject
Project("{9A19103F-16F7-4668-BE54-9A1E7A4F7556}") = "5. Top integers", "Top integers\5. Top integers.csproj", "{78BF9199-30B8-4CF7-A60D-0414CA03CE31}"
EndProject
Project("{9A19103F-16F7-4668-BE54-9A1E7A4F7556}") = "6. Equal Sums", "6. Equal Sums\6. Equal Sums.csproj", "{80AAD306-B735-4A81-A7C1-EFBF68F56D48}"
EndProject
Project("{9A19103F-16F7-4668-BE54-9A1E7A4F7556}") = "7. Max Sequence of Equal Elements", "7. Max Sequence of Equal Elements\7. Max Sequence of Equal Elements.csproj", "{D0A54E15-016D-4FD2-A5E2-A2A14B9D9613}"
EndProject
Project("{9A19103F-16F7-4668-BE54-9A1E7A4F7556}") = "8. Magic Sum", "8. Magic Sum\8. Magic Sum.csproj", "{302E61F2-1236-4D69-A744-1C60696A2898}"
EndProject
Project("{FAE04EC0-301F-11D3-BF4B-00C04F79EFBC}") = "1. Encrypt, Sort, and Print Array", "1. Encrypt, Sort, and Print Array\1. Encrypt, Sort, and Print Array.csproj", "{7C11998A-3E3F-4109-99E6-6F420BE7A0BE}"
EndProject
Project("{FAE04EC0-301F-11D3-BF4B-00C04F79EFBC}") = "2. Pascal triangle", "2. Pascal triangle\2. Pascal triangle.csproj", "{D1D29681-908F-4EC7-B340-C6F18D57E6F2}"
EndProject
Global
	GlobalSection(SolutionConfigurationPlatforms) = preSolution
		Debug|Any CPU = Debug|Any CPU
		Release|Any CPU = Release|Any CPU
	EndGlobalSection
	GlobalSection(ProjectConfigurationPlatforms) = postSolution
		{10085FEE-D3F7-427C-96AE-CBA0EB81D11B}.Debug|Any CPU.ActiveCfg = Debug|Any CPU
		{10085FEE-D3F7-427C-96AE-CBA0EB81D11B}.Debug|Any CPU.Build.0 = Debug|Any CPU
		{10085FEE-D3F7-427C-96AE-CBA0EB81D11B}.Release|Any CPU.ActiveCfg = Release|Any CPU
		{10085FEE-D3F7-427C-96AE-CBA0EB81D11B}.Release|Any CPU.Build.0 = Release|Any CPU
		{17C04FF8-D74A-4037-BE70-FFF53E010672}.Debug|Any CPU.ActiveCfg = Debug|Any CPU
		{17C04FF8-D74A-4037-BE70-FFF53E010672}.Debug|Any CPU.Build.0 = Debug|Any CPU
		{17C04FF8-D74A-4037-BE70-FFF53E010672}.Release|Any CPU.ActiveCfg = Release|Any CPU
		{17C04FF8-D74A-4037-BE70-FFF53E010672}.Release|Any CPU.Build.0 = Release|Any CPU
		{8CC127BC-B92A-4607-A590-71A7C18FB647}.Debug|Any CPU.ActiveCfg = Debug|Any CPU
		{8CC127BC-B92A-4607-A590-71A7C18FB647}.Debug|Any CPU.Build.0 = Debug|Any CPU
		{8CC127BC-B92A-4607-A590-71A7C18FB647}.Release|Any CPU.ActiveCfg = Release|Any CPU
		{8CC127BC-B92A-4607-A590-71A7C18FB647}.Release|Any CPU.Build.0 = Release|Any CPU
		{D1CE5EA8-A826-42E5-A34A-34CC2CD892A1}.Debug|Any CPU.ActiveCfg = Debug|Any CPU
		{D1CE5EA8-A826-42E5-A34A-34CC2CD892A1}.Debug|Any CPU.Build.0 = Debug|Any CPU
		{D1CE5EA8-A826-42E5-A34A-34CC2CD892A1}.Release|Any CPU.ActiveCfg = Release|Any CPU
		{D1CE5EA8-A826-42E5-A34A-34CC2CD892A1}.Release|Any CPU.Build.0 = Release|Any CPU
		{78BF9199-30B8-4CF7-A60D-0414CA03CE31}.Debug|Any CPU.ActiveCfg = Debug|Any CPU
		{78BF9199-30B8-4CF7-A60D-0414CA03CE31}.Debug|Any CPU.Build.0 = Debug|Any CPU
		{78BF9199-30B8-4CF7-A60D-0414CA03CE31}.Release|Any CPU.ActiveCfg = Release|Any CPU
		{78BF9199-30B8-4CF7-A60D-0414CA03CE31}.Release|Any CPU.Build.0 = Release|Any CPU
		{80AAD306-B735-4A81-A7C1-EFBF68F56D48}.Debug|Any CPU.ActiveCfg = Debug|Any CPU
		{80AAD306-B735-4A81-A7C1-EFBF68F56D48}.Debug|Any CPU.Build.0 = Debug|Any CPU
		{80AAD306-B735-4A81-A7C1-EFBF68F56D48}.Release|Any CPU.ActiveCfg = Release|Any CPU
		{80AAD306-B735-4A81-A7C1-EFBF68F56D48}.Release|Any CPU.Build.0 = Release|Any CPU
		{D0A54E15-016D-4FD2-A5E2-A2A14B9D9613}.Debug|Any CPU.ActiveCfg = Debug|Any CPU
		{D0A54E15-016D-4FD2-A5E2-A2A14B9D9613}.Debug|Any CPU.Build.0 = Debug|Any CPU
		{D0A54E15-016D-4FD2-A5E2-A2A14B9D9613}.Release|Any CPU.ActiveCfg = Release|Any CPU
		{D0A54E15-016D-4FD2-A5E2-A2A14B9D9613}.Release|Any CPU.Build.0 = Release|Any CPU
		{302E61F2-1236-4D69-A744-1C60696A2898}.Debug|Any CPU.ActiveCfg = Debug|Any CPU
		{302E61F2-1236-4D69-A744-1C60696A2898}.Debug|Any CPU.Build.0 = Debug|Any CPU
		{302E61F2-1236-4D69-A744-1C60696A2898}.Release|Any CPU.ActiveCfg = Release|Any CPU
		{302E61F2-1236-4D69-A744-1C60696A2898}.Release|Any CPU.Build.0 = Release|Any CPU
		{7C11998A-3E3F-4109-99E6-6F420BE7A0BE}.Debug|Any CPU.ActiveCfg = Debug|Any CPU
		{7C11998A-3E3F-4109-99E6-6F420BE7A0BE}.Debug|Any CPU.Build.0 = Debug|Any CPU
		{7C11998A-3E3F-4109-99E6-6F420BE7A0BE}.Release|Any CPU.ActiveCfg = Release|Any CPU
		{7C11998A-3E3F-4109-99E6-6F420BE7A0BE}.Release|Any CPU.Build.0 = Release|Any CPU
		{D1D29681-908F-4EC7-B340-C6F18D57E6F2}.Debug|Any CPU.ActiveCfg = Debug|Any CPU
		{D1D29681-908F-4EC7-B340-C6F18D57E6F2}.Debug|Any CPU.Build.0 = Debug|Any CPU
		{D1D29681-908F-4EC7-B340-C6F18D57E6F2}.Release|Any CPU.ActiveCfg = Release|Any CPU
		{D1D29681-908F-4EC7-B340-C6F18D57E6F2}.Release|Any CPU.Build.0 = Release|Any CPU
	EndGlobalSection
	GlobalSection(SolutionProperties) = preSolution
		HideSolutionNode = FALSE
	EndGlobalSection
	GlobalSection(ExtensibilityGlobals) = postSolution
		SolutionGuid = {BF37C274-79CE-4D76-BB22-EC8751A0233C}
	EndGlobalSection
EndGlobal
