
Microsoft Visual Studio Solution File, Format Version 12.00
# Visual Studio Version 17
VisualStudioVersion = 17.1.32319.34
MinimumVisualStudioVersion = 10.0.40219.1
Project("{FAE04EC0-301F-11D3-BF4B-00C04F79EFBC}") = "Vehicles", "Vehicles\Vehicles.csproj", "{EC997B79-7D98-4E7C-89F9-92EC559D268F}"
EndProject
Project("{FAE04EC0-301F-11D3-BF4B-00C04F79EFBC}") = "Raiding", "Raiding\Raiding.csproj", "{AE0FD02B-9654-4E03-AF70-7060D564AFEB}"
EndProject
Project("{FAE04EC0-301F-11D3-BF4B-00C04F79EFBC}") = "WildFarm", "WildFarm\WildFarm.csproj", "{105E2DA1-70BB-4144-9D44-6BB763DE33E2}"
EndProject
Global
	GlobalSection(SolutionConfigurationPlatforms) = preSolution
		Debug|Any CPU = Debug|Any CPU
		Release|Any CPU = Release|Any CPU
	EndGlobalSection
	GlobalSection(ProjectConfigurationPlatforms) = postSolution
		{EC997B79-7D98-4E7C-89F9-92EC559D268F}.Debug|Any CPU.ActiveCfg = Debug|Any CPU
		{EC997B79-7D98-4E7C-89F9-92EC559D268F}.Debug|Any CPU.Build.0 = Debug|Any CPU
		{EC997B79-7D98-4E7C-89F9-92EC559D268F}.Release|Any CPU.ActiveCfg = Release|Any CPU
		{EC997B79-7D98-4E7C-89F9-92EC559D268F}.Release|Any CPU.Build.0 = Release|Any CPU
		{AE0FD02B-9654-4E03-AF70-7060D564AFEB}.Debug|Any CPU.ActiveCfg = Debug|Any CPU
		{AE0FD02B-9654-4E03-AF70-7060D564AFEB}.Debug|Any CPU.Build.0 = Debug|Any CPU
		{AE0FD02B-9654-4E03-AF70-7060D564AFEB}.Release|Any CPU.ActiveCfg = Release|Any CPU
		{AE0FD02B-9654-4E03-AF70-7060D564AFEB}.Release|Any CPU.Build.0 = Release|Any CPU
		{105E2DA1-70BB-4144-9D44-6BB763DE33E2}.Debug|Any CPU.ActiveCfg = Debug|Any CPU
		{105E2DA1-70BB-4144-9D44-6BB763DE33E2}.Debug|Any CPU.Build.0 = Debug|Any CPU
		{105E2DA1-70BB-4144-9D44-6BB763DE33E2}.Release|Any CPU.ActiveCfg = Release|Any CPU
		{105E2DA1-70BB-4144-9D44-6BB763DE33E2}.Release|Any CPU.Build.0 = Release|Any CPU
	EndGlobalSection
	GlobalSection(SolutionProperties) = preSolution
		HideSolutionNode = FALSE
	EndGlobalSection
	GlobalSection(ExtensibilityGlobals) = postSolution
		SolutionGuid = {0F10955B-183D-47FB-926F-7FE8E9C5BF1D}
	EndGlobalSection
EndGlobal
