
Microsoft Visual Studio Solution File, Format Version 12.00
# Visual Studio Version 17
VisualStudioVersion = 17.1.32210.238
MinimumVisualStudioVersion = 10.0.40219.1
Project("{9A19103F-16F7-4668-BE54-9A1E7A4F7556}") = "1. Furniture", "1. Furniture\1. Furniture.csproj", "{137B0F55-5E8D-46AF-8A92-06C0BEC1BBE0}"
EndProject
Project("{FAE04EC0-301F-11D3-BF4B-00C04F79EFBC}") = "2. Race", "2. Race\2. Race.csproj", "{97130205-1639-4639-BAB8-2BFB2230825C}"
EndProject
Project("{FAE04EC0-301F-11D3-BF4B-00C04F79EFBC}") = "3. SoftUni Bar Income", "3. SoftUni Bar Income\3. SoftUni Bar Income.csproj", "{82BFB00E-46FA-418C-8B93-DE694F79383E}"
EndProject
Global
	GlobalSection(SolutionConfigurationPlatforms) = preSolution
		Debug|Any CPU = Debug|Any CPU
		Release|Any CPU = Release|Any CPU
	EndGlobalSection
	GlobalSection(ProjectConfigurationPlatforms) = postSolution
		{137B0F55-5E8D-46AF-8A92-06C0BEC1BBE0}.Debug|Any CPU.ActiveCfg = Debug|Any CPU
		{137B0F55-5E8D-46AF-8A92-06C0BEC1BBE0}.Debug|Any CPU.Build.0 = Debug|Any CPU
		{137B0F55-5E8D-46AF-8A92-06C0BEC1BBE0}.Release|Any CPU.ActiveCfg = Release|Any CPU
		{137B0F55-5E8D-46AF-8A92-06C0BEC1BBE0}.Release|Any CPU.Build.0 = Release|Any CPU
		{97130205-1639-4639-BAB8-2BFB2230825C}.Debug|Any CPU.ActiveCfg = Debug|Any CPU
		{97130205-1639-4639-BAB8-2BFB2230825C}.Debug|Any CPU.Build.0 = Debug|Any CPU
		{97130205-1639-4639-BAB8-2BFB2230825C}.Release|Any CPU.ActiveCfg = Release|Any CPU
		{97130205-1639-4639-BAB8-2BFB2230825C}.Release|Any CPU.Build.0 = Release|Any CPU
		{82BFB00E-46FA-418C-8B93-DE694F79383E}.Debug|Any CPU.ActiveCfg = Debug|Any CPU
		{82BFB00E-46FA-418C-8B93-DE694F79383E}.Debug|Any CPU.Build.0 = Debug|Any CPU
		{82BFB00E-46FA-418C-8B93-DE694F79383E}.Release|Any CPU.ActiveCfg = Release|Any CPU
		{82BFB00E-46FA-418C-8B93-DE694F79383E}.Release|Any CPU.Build.0 = Release|Any CPU
	EndGlobalSection
	GlobalSection(SolutionProperties) = preSolution
		HideSolutionNode = FALSE
	EndGlobalSection
	GlobalSection(ExtensibilityGlobals) = postSolution
		SolutionGuid = {6A418282-F055-44EB-BFD3-D96D5CF81BC5}
	EndGlobalSection
EndGlobal
