
Microsoft Visual Studio Solution File, Format Version 12.00
# Visual Studio Version 17
VisualStudioVersion = 17.0.32112.339
MinimumVisualStudioVersion = 10.0.40219.1
Project("{9A19103F-16F7-4668-BE54-9A1E7A4F7556}") = "1. Train", "1. Train.csproj", "{4BD9EAF3-E6EA-4AE3-BD81-A625D24748D4}"
EndProject
Project("{9A19103F-16F7-4668-BE54-9A1E7A4F7556}") = "2. Change List", "..\2. Change List\2. Change List.csproj", "{92E2CA43-F168-4E70-9143-A94C5D7AB81D}"
EndProject
Project("{9A19103F-16F7-4668-BE54-9A1E7A4F7556}") = "3. House Party", "..\3. House Party\3. House Party.csproj", "{B2B5C199-6A1F-49DA-AF4B-BEEA00A8CC4C}"
EndProject
Project("{9A19103F-16F7-4668-BE54-9A1E7A4F7556}") = "4. List Operations", "..\4. List Operations\4. List Operations.csproj", "{DAE3B7F9-CA8B-45AD-95ED-E5F36CC94C0E}"
EndProject
Project("{9A19103F-16F7-4668-BE54-9A1E7A4F7556}") = "5. Bomb Numbers", "..\5. Bomb Numbers\5. Bomb Numbers.csproj", "{6B7297FE-D1E8-445A-8DD4-C5F5910F0474}"
EndProject
Project("{9A19103F-16F7-4668-BE54-9A1E7A4F7556}") = "6. Cards Game", "..\6. Cards Game\6. Cards Game.csproj", "{919FDAF2-8D4C-4B21-A97F-94E49ECDBF32}"
EndProject
Project("{9A19103F-16F7-4668-BE54-9A1E7A4F7556}") = "7. Append Arrays", "..\7. Append Arrays\7. Append Arrays.csproj", "{F218EAAC-22B0-4E19-AB3F-471C5C4761E5}"
EndProject
Project("{FAE04EC0-301F-11D3-BF4B-00C04F79EFBC}") = "8. Anonymous Threat", "..\8. Anonymous Threat\8. Anonymous Threat.csproj", "{CD5CC5DE-2A68-4B0E-9CCE-4F65A56933E4}"
EndProject
Project("{FAE04EC0-301F-11D3-BF4B-00C04F79EFBC}") = "9. Pokemon Don’t Go", "..\9. Pokemon Don’t Go\9. Pokemon Don’t Go.csproj", "{36ACB416-D224-4053-962D-757C3A73FF37}"
EndProject
Global
	GlobalSection(SolutionConfigurationPlatforms) = preSolution
		Debug|Any CPU = Debug|Any CPU
		Release|Any CPU = Release|Any CPU
	EndGlobalSection
	GlobalSection(ProjectConfigurationPlatforms) = postSolution
		{4BD9EAF3-E6EA-4AE3-BD81-A625D24748D4}.Debug|Any CPU.ActiveCfg = Debug|Any CPU
		{4BD9EAF3-E6EA-4AE3-BD81-A625D24748D4}.Debug|Any CPU.Build.0 = Debug|Any CPU
		{4BD9EAF3-E6EA-4AE3-BD81-A625D24748D4}.Release|Any CPU.ActiveCfg = Release|Any CPU
		{4BD9EAF3-E6EA-4AE3-BD81-A625D24748D4}.Release|Any CPU.Build.0 = Release|Any CPU
		{92E2CA43-F168-4E70-9143-A94C5D7AB81D}.Debug|Any CPU.ActiveCfg = Debug|Any CPU
		{92E2CA43-F168-4E70-9143-A94C5D7AB81D}.Debug|Any CPU.Build.0 = Debug|Any CPU
		{92E2CA43-F168-4E70-9143-A94C5D7AB81D}.Release|Any CPU.ActiveCfg = Release|Any CPU
		{92E2CA43-F168-4E70-9143-A94C5D7AB81D}.Release|Any CPU.Build.0 = Release|Any CPU
		{B2B5C199-6A1F-49DA-AF4B-BEEA00A8CC4C}.Debug|Any CPU.ActiveCfg = Debug|Any CPU
		{B2B5C199-6A1F-49DA-AF4B-BEEA00A8CC4C}.Debug|Any CPU.Build.0 = Debug|Any CPU
		{B2B5C199-6A1F-49DA-AF4B-BEEA00A8CC4C}.Release|Any CPU.ActiveCfg = Release|Any CPU
		{B2B5C199-6A1F-49DA-AF4B-BEEA00A8CC4C}.Release|Any CPU.Build.0 = Release|Any CPU
		{DAE3B7F9-CA8B-45AD-95ED-E5F36CC94C0E}.Debug|Any CPU.ActiveCfg = Debug|Any CPU
		{DAE3B7F9-CA8B-45AD-95ED-E5F36CC94C0E}.Debug|Any CPU.Build.0 = Debug|Any CPU
		{DAE3B7F9-CA8B-45AD-95ED-E5F36CC94C0E}.Release|Any CPU.ActiveCfg = Release|Any CPU
		{DAE3B7F9-CA8B-45AD-95ED-E5F36CC94C0E}.Release|Any CPU.Build.0 = Release|Any CPU
		{6B7297FE-D1E8-445A-8DD4-C5F5910F0474}.Debug|Any CPU.ActiveCfg = Debug|Any CPU
		{6B7297FE-D1E8-445A-8DD4-C5F5910F0474}.Debug|Any CPU.Build.0 = Debug|Any CPU
		{6B7297FE-D1E8-445A-8DD4-C5F5910F0474}.Release|Any CPU.ActiveCfg = Release|Any CPU
		{6B7297FE-D1E8-445A-8DD4-C5F5910F0474}.Release|Any CPU.Build.0 = Release|Any CPU
		{919FDAF2-8D4C-4B21-A97F-94E49ECDBF32}.Debug|Any CPU.ActiveCfg = Debug|Any CPU
		{919FDAF2-8D4C-4B21-A97F-94E49ECDBF32}.Debug|Any CPU.Build.0 = Debug|Any CPU
		{919FDAF2-8D4C-4B21-A97F-94E49ECDBF32}.Release|Any CPU.ActiveCfg = Release|Any CPU
		{919FDAF2-8D4C-4B21-A97F-94E49ECDBF32}.Release|Any CPU.Build.0 = Release|Any CPU
		{F218EAAC-22B0-4E19-AB3F-471C5C4761E5}.Debug|Any CPU.ActiveCfg = Debug|Any CPU
		{F218EAAC-22B0-4E19-AB3F-471C5C4761E5}.Debug|Any CPU.Build.0 = Debug|Any CPU
		{F218EAAC-22B0-4E19-AB3F-471C5C4761E5}.Release|Any CPU.ActiveCfg = Release|Any CPU
		{F218EAAC-22B0-4E19-AB3F-471C5C4761E5}.Release|Any CPU.Build.0 = Release|Any CPU
		{CD5CC5DE-2A68-4B0E-9CCE-4F65A56933E4}.Debug|Any CPU.ActiveCfg = Debug|Any CPU
		{CD5CC5DE-2A68-4B0E-9CCE-4F65A56933E4}.Debug|Any CPU.Build.0 = Debug|Any CPU
		{CD5CC5DE-2A68-4B0E-9CCE-4F65A56933E4}.Release|Any CPU.ActiveCfg = Release|Any CPU
		{CD5CC5DE-2A68-4B0E-9CCE-4F65A56933E4}.Release|Any CPU.Build.0 = Release|Any CPU
		{36ACB416-D224-4053-962D-757C3A73FF37}.Debug|Any CPU.ActiveCfg = Debug|Any CPU
		{36ACB416-D224-4053-962D-757C3A73FF37}.Debug|Any CPU.Build.0 = Debug|Any CPU
		{36ACB416-D224-4053-962D-757C3A73FF37}.Release|Any CPU.ActiveCfg = Release|Any CPU
		{36ACB416-D224-4053-962D-757C3A73FF37}.Release|Any CPU.Build.0 = Release|Any CPU
	EndGlobalSection
	GlobalSection(SolutionProperties) = preSolution
		HideSolutionNode = FALSE
	EndGlobalSection
	GlobalSection(ExtensibilityGlobals) = postSolution
		SolutionGuid = {6367DB85-7C1A-4E87-ADE1-B9D83380559D}
	EndGlobalSection
EndGlobal
